{
  "version": 4,
  "terraform_version": "1.9.5",
  "serial": 46,
  "lineage": "56c17b02-9829-b726-5b7c-d29151d1376b",
  "outputs": {},
  "resources": [
    {
      "mode": "managed",
      "type": "google_compute_network",
      "name": "red-bootcamp",
      "provider": "provider[\"registry.terraform.io/hashicorp/google\"]",
      "instances": [
        {
          "schema_version": 0,
          "attributes": {
            "auto_create_subnetworks": false,
            "bgp_always_compare_med": false,
            "bgp_best_path_selection_mode": "LEGACY",
            "bgp_inter_region_cost": "",
            "delete_default_routes_on_create": false,
            "description": "",
            "enable_ula_internal_ipv6": false,
            "gateway_ipv4": "",
            "id": "projects/consiti-bootcamp/global/networks/red-bootcamp",
            "internal_ipv6_range": "",
            "mtu": 0,
            "name": "red-bootcamp",
            "network_firewall_policy_enforcement_order": "AFTER_CLASSIC_FIREWALL",
            "network_id": "4382585611196084282",
            "network_profile": "",
            "numeric_id": "4382585611196084282",
            "project": "consiti-bootcamp",
            "routing_mode": "REGIONAL",
            "self_link": "https://www.googleapis.com/compute/v1/projects/consiti-bootcamp/global/networks/red-bootcamp",
            "timeouts": null
          },
          "sensitive_attributes": [],
          "private": "eyJlMmJmYjczMC1lY2FhLTExZTYtOGY4OC0zNDM2M2JjN2M0YzAiOnsiY3JlYXRlIjoxMjAwMDAwMDAwMDAwLCJkZWxldGUiOjEyMDAwMDAwMDAwMDAsInVwZGF0ZSI6MTIwMDAwMDAwMDAwMH19"
        }
      ]
    },
    {
      "mode": "managed",
      "type": "google_compute_subnetwork",
      "name": "subred-bootcamp",
      "provider": "provider[\"registry.terraform.io/hashicorp/google\"]",
      "instances": [
        {
          "schema_version": 0,
          "attributes": {
            "creation_timestamp": "2025-02-21T15:40:26.967-08:00",
            "description": "",
            "external_ipv6_prefix": "",
            "fingerprint": null,
            "gateway_address": "192.168.1.1",
            "id": "projects/consiti-bootcamp/regions/us-central1/subnetworks/subred-bootcamp",
            "internal_ipv6_prefix": "",
            "ip_cidr_range": "192.168.1.0/24",
            "ipv6_access_type": "",
            "ipv6_cidr_range": "",
            "log_config": [],
            "name": "subred-bootcamp",
            "network": "https://www.googleapis.com/compute/v1/projects/consiti-bootcamp/global/networks/red-bootcamp",
            "private_ip_google_access": false,
            "private_ipv6_google_access": "DISABLE_GOOGLE_ACCESS",
            "project": "consiti-bootcamp",
            "purpose": "PRIVATE",
            "region": "us-central1",
            "reserved_internal_range": "",
            "role": "",
            "secondary_ip_range": [],
            "self_link": "https://www.googleapis.com/compute/v1/projects/consiti-bootcamp/regions/us-central1/subnetworks/subred-bootcamp",
            "send_secondary_ip_range_if_empty": null,
            "stack_type": "IPV4_ONLY",
            "subnetwork_id": -1189826555,
            "timeouts": null
          },
          "sensitive_attributes": [],
          "private": "eyJlMmJmYjczMC1lY2FhLTExZTYtOGY4OC0zNDM2M2JjN2M0YzAiOnsiY3JlYXRlIjoxMjAwMDAwMDAwMDAwLCJkZWxldGUiOjEyMDAwMDAwMDAwMDAsInVwZGF0ZSI6MTIwMDAwMDAwMDAwMH19",
          "dependencies": [
            "google_compute_network.red-bootcamp"
          ]
        }
      ]
    },
    {
      "mode": "managed",
      "type": "google_sql_database",
      "name": "sql-cloud-bootcamp-db",
      "provider": "provider[\"registry.terraform.io/hashicorp/google\"]",
      "instances": [
        {
          "schema_version": 0,
          "attributes": {
            "charset": "utf8",
            "collation": "utf8_general_ci",
            "deletion_policy": "DELETE",
            "id": "projects/consiti-bootcamp/instances/sql-cloud-bootcamp/databases/sql-cloud-bootcamp-db",
            "instance": "sql-cloud-bootcamp",
            "name": "sql-cloud-bootcamp-db",
            "project": "consiti-bootcamp",
            "self_link": "https://sqladmin.googleapis.com/sql/v1beta4/projects/consiti-bootcamp/instances/sql-cloud-bootcamp/databases/sql-cloud-bootcamp-db",
            "timeouts": null
          },
          "sensitive_attributes": [],
          "private": "eyJlMmJmYjczMC1lY2FhLTExZTYtOGY4OC0zNDM2M2JjN2M0YzAiOnsiY3JlYXRlIjoxMjAwMDAwMDAwMDAwLCJkZWxldGUiOjEyMDAwMDAwMDAwMDAsInVwZGF0ZSI6MTIwMDAwMDAwMDAwMH19",
          "dependencies": [
            "google_sql_database_instance.sql-cloud-bootcamp"
          ]
        }
      ]
    },
    {
      "mode": "managed",
      "type": "google_sql_database_instance",
      "name": "sql-cloud-bootcamp",
      "provider": "provider[\"registry.terraform.io/hashicorp/google\"]",
      "instances": [
        {
          "schema_version": 0,
          "attributes": {
            "available_maintenance_versions": [],
            "clone": [],
            "connection_name": "consiti-bootcamp:us-central1:sql-cloud-bootcamp",
            "database_version": "MYSQL_5_7",
            "deletion_protection": true,
            "dns_name": "",
            "encryption_key_name": null,
            "first_ip_address": "34.45.138.55",
            "id": "sql-cloud-bootcamp",
            "instance_type": "CLOUD_SQL_INSTANCE",
            "ip_address": [
              {
                "ip_address": "34.45.138.55",
                "time_to_retire": "",
                "type": "PRIMARY"
              }
            ],
            "maintenance_version": "MYSQL_5_7_44.R20241208.01_04",
            "master_instance_name": "",
            "name": "sql-cloud-bootcamp",
            "private_ip_address": "",
            "project": "consiti-bootcamp",
            "psc_service_attachment_link": "",
            "public_ip_address": "34.45.138.55",
            "region": "us-central1",
            "replica_configuration": [],
            "replica_names": [],
            "replication_cluster": [
              {
                "dr_replica": false,
                "failover_dr_replica_name": ""
              }
            ],
            "restore_backup_context": [],
            "root_password": null,
            "self_link": "https://sqladmin.googleapis.com/sql/v1beta4/projects/consiti-bootcamp/instances/sql-cloud-bootcamp",
            "server_ca_cert": [
              {
                "cert": "-----BEGIN CERTIFICATE-----\nMIIDfzCCAmegAwIBAgIBADANBgkqhkiG9w0BAQsFADB3MS0wKwYDVQQuEyRjNjM2\nMWI4ZC1jMGEwLTQzNzgtOGQ0My05OGMyOWFiN2RlY2YxIzAhBgNVBAMTGkdvb2ds\nZSBDbG91ZCBTUUwgU2VydmVyIENBMRQwEgYDVQQKEwtHb29nbGUsIEluYzELMAkG\nA1UEBhMCVVMwHhcNMjUwMjIxMjM0MzA0WhcNMzUwMjE5MjM0NDA0WjB3MS0wKwYD\nVQQuEyRjNjM2MWI4ZC1jMGEwLTQzNzgtOGQ0My05OGMyOWFiN2RlY2YxIzAhBgNV\nBAMTGkdvb2dsZSBDbG91ZCBTUUwgU2VydmVyIENBMRQwEgYDVQQKEwtHb29nbGUs\nIEluYzELMAkGA1UEBhMCVVMwggEiMA0GCSqGSIb3DQEBAQUAA4IBDwAwggEKAoIB\nAQC8LWL9SN6axeJ8mTnNLLaAgGbBIFUQivBVH1GZuKeOIeQ/1pjuiQ/RwfJOJCXi\nbE6bIOcCjfRAf1mzTlPyJsihNN/hpzkYqrSIvgmJCszM7eoB3cjA/aYbDiUpoa4g\nwfo3boALIBoVhYMpoTdvT0zssEn0rWTny2I/wJ093glUQOaWEONSOqSpXN5SqBlj\nya+oxgbqSYramyhr+zOtZil7bMFdCFKOyGMzpIiXzag1lS0k4T2P0G7yxBKujKzb\n2wiUKnOu1jFSsHPeyni2Cx8uu7Z0pGh5sbTv7VfIqLezjDNi86O5WjaAT4nJ1XpK\nx1QZ/fXtSZ2cSm3utAyb1IhfAgMBAAGjFjAUMBIGA1UdEwEB/wQIMAYBAf8CAQAw\nDQYJKoZIhvcNAQELBQADggEBAI+GMRF08tD3jsqRvh5p17AOTSW1O0NT8KWijlIB\noaZEKWNJGE74qaR3mZraXXogeV5WbvGUI9ktSUrpcyxImykoKkF59a0GuMrzy8W4\n9yKQAggkkCylQnSTUq5jLDccCQocA7QLKQRoDxyaaszNLZHFsNqDXPQ9ZYLGt28W\n6iBVr22o8aLmgC+EEFjatyh2VlHPGtRWLzOlrMqb2u4if/yNjuCJTpPRdEHEQXgB\nqAeDE2BHeQgnO+kxDnxsbhgXiNtDJMZy//7BSVQr9vgMJzdTqU4SY0P6uyzZUuXe\nQasOw/yH6HlDKfDok0eMqfp6PLSTfT0TXw3/FFReX8/ii9o=\n-----END CERTIFICATE-----",
                "common_name": "C=US,O=Google\\, Inc,CN=Google Cloud SQL Server CA,dnQualifier=c6361b8d-c0a0-4378-8d43-98c29ab7decf",
                "create_time": "2025-02-21T23:43:04.043Z",
                "expiration_time": "2035-02-19T23:44:04.043Z",
                "sha1_fingerprint": "22833d8119fc047828b063f721042992847db618"
              }
            ],
            "service_account_email_address": "p547035011841-1aq6zi@gcp-sa-cloud-sql.iam.gserviceaccount.com",
            "settings": [
              {
                "activation_policy": "ALWAYS",
                "active_directory_config": [],
                "advanced_machine_features": [],
                "availability_type": "ZONAL",
                "backup_configuration": [
                  {
                    "backup_retention_settings": [
                      {
                        "retained_backups": 7,
                        "retention_unit": "COUNT"
                      }
                    ],
                    "binary_log_enabled": false,
                    "enabled": true,
                    "location": "",
                    "point_in_time_recovery_enabled": false,
                    "start_time": "17:00",
                    "transaction_log_retention_days": 7
                  }
                ],
                "collation": "",
                "connector_enforcement": "NOT_REQUIRED",
                "data_cache_config": [
                  {
                    "data_cache_enabled": false
                  }
                ],
                "database_flags": [],
                "deletion_protection_enabled": false,
                "deny_maintenance_period": [],
                "disk_autoresize": true,
                "disk_autoresize_limit": 0,
                "disk_size": 10,
                "disk_type": "PD_SSD",
                "edition": "ENTERPRISE",
                "enable_dataplex_integration": false,
                "enable_google_ml_integration": false,
                "insights_config": [],
                "ip_configuration": [
                  {
                    "allocated_ip_range": "",
                    "authorized_networks": [],
                    "enable_private_path_for_google_cloud_services": false,
                    "ipv4_enabled": true,
                    "private_network": "",
                    "psc_config": [],
                    "server_ca_mode": "GOOGLE_MANAGED_INTERNAL_CA",
                    "server_ca_pool": "",
                    "ssl_mode": "ALLOW_UNENCRYPTED_AND_ENCRYPTED"
                  }
                ],
                "location_preference": [
                  {
                    "follow_gae_application": "",
                    "secondary_zone": "",
                    "zone": "us-central1-c"
                  }
                ],
                "maintenance_window": [],
                "password_validation_policy": [],
                "pricing_plan": "PER_USE",
                "sql_server_audit_config": [],
                "tier": "db-f1-micro",
                "time_zone": "",
                "user_labels": {},
                "version": 1
              }
            ],
            "timeouts": null
          },
          "sensitive_attributes": [
            [
              {
                "type": "get_attr",
                "value": "root_password"
              }
            ],
            [
              {
                "type": "get_attr",
                "value": "server_ca_cert"
              }
            ]
          ],
          "private": "eyJlMmJmYjczMC1lY2FhLTExZTYtOGY4OC0zNDM2M2JjN2M0YzAiOnsiY3JlYXRlIjo1NDAwMDAwMDAwMDAwLCJkZWxldGUiOjU0MDAwMDAwMDAwMDAsInVwZGF0ZSI6NTQwMDAwMDAwMDAwMH19"
        }
      ]
    },
    {
      "mode": "managed",
      "type": "google_sql_user",
      "name": "sql-cloud-bootcamp-user",
      "provider": "provider[\"registry.terraform.io/hashicorp/google\"]",
      "instances": [
        {
          "schema_version": 1,
          "attributes": {
            "deletion_policy": null,
            "host": "%",
            "id": "sql-cloud-bootcamp-user/%/sql-cloud-bootcamp",
            "instance": "sql-cloud-bootcamp",
            "name": "sql-cloud-bootcamp-user",
            "password": "password",
            "password_policy": [],
            "project": "consiti-bootcamp",
            "sql_server_user_details": [],
            "timeouts": null,
            "type": ""
          },
          "sensitive_attributes": [
            [
              {
                "type": "get_attr",
                "value": "password"
              }
            ]
          ],
          "private": "eyJlMmJmYjczMC1lY2FhLTExZTYtOGY4OC0zNDM2M2JjN2M0YzAiOnsiY3JlYXRlIjo2MDAwMDAwMDAwMDAsImRlbGV0ZSI6NjAwMDAwMDAwMDAwLCJ1cGRhdGUiOjYwMDAwMDAwMDAwMH0sInNjaGVtYV92ZXJzaW9uIjoiMSJ9",
          "dependencies": [
            "google_sql_database_instance.sql-cloud-bootcamp"
          ]
        }
      ]
    },
    {
      "mode": "managed",
      "type": "google_storage_bucket",
      "name": "bucket-bootcamp",
      "provider": "provider[\"registry.terraform.io/hashicorp/google\"]",
      "instances": [
        {
          "schema_version": 3,
          "attributes": {
            "autoclass": [],
            "cors": [],
            "custom_placement_config": [],
            "default_event_based_hold": false,
            "effective_labels": {
              "goog-terraform-provisioned": "true"
            },
            "enable_object_retention": false,
            "encryption": [],
            "force_destroy": true,
            "hierarchical_namespace": [
              {
                "enabled": false
              }
            ],
            "id": "bucket-bootcamp-2025-01",
            "labels": null,
            "lifecycle_rule": [],
            "location": "US-CENTRAL1",
            "logging": [],
            "name": "bucket-bootcamp-2025-01",
            "project": "consiti-bootcamp",
            "project_number": 1574165249,
            "public_access_prevention": "inherited",
            "requester_pays": false,
            "retention_policy": [],
            "rpo": null,
            "self_link": "https://www.googleapis.com/storage/v1/b/bucket-bootcamp-2025-01",
            "soft_delete_policy": [
              {
                "effective_time": "2025-02-22T00:11:35.885Z",
                "retention_duration_seconds": 604800
              }
            ],
            "storage_class": "STANDARD",
            "terraform_labels": {
              "goog-terraform-provisioned": "true"
            },
            "timeouts": null,
            "uniform_bucket_level_access": true,
            "url": "gs://bucket-bootcamp-2025-01",
            "versioning": [],
            "website": []
          },
          "sensitive_attributes": [],
          "private": "eyJlMmJmYjczMC1lY2FhLTExZTYtOGY4OC0zNDM2M2JjN2M0YzAiOnsiY3JlYXRlIjo2MDAwMDAwMDAwMDAsInJlYWQiOjI0MDAwMDAwMDAwMCwidXBkYXRlIjoyNDAwMDAwMDAwMDB9LCJzY2hlbWFfdmVyc2lvbiI6IjMifQ=="
        }
      ]
    },
    {
      "mode": "managed",
      "type": "google_storage_bucket_iam_member",
      "name": "bucket-bootcamp-iam",
      "provider": "provider[\"registry.terraform.io/hashicorp/google\"]",
      "instances": [
        {
          "schema_version": 0,
          "attributes": {
            "bucket": "b/bucket-bootcamp-2025-01",
            "condition": [],
            "etag": "CAM=",
            "id": "b/bucket-bootcamp-2025-01/roles/storage.objectViewer/allUsers",
            "member": "allUsers",
            "role": "roles/storage.objectViewer"
          },
          "sensitive_attributes": [],
          "private": "bnVsbA==",
          "dependencies": [
            "google_storage_bucket.bucket-bootcamp"
          ]
        }
      ]
    },
    {
      "mode": "managed",
      "type": "google_storage_bucket_iam_member",
      "name": "bucket-bootcamp-iam-2",
      "provider": "provider[\"registry.terraform.io/hashicorp/google\"]",
      "instances": [
        {
          "schema_version": 0,
          "attributes": {
            "bucket": "b/bucket-bootcamp-2025-01",
            "condition": [],
            "etag": "CAM=",
            "id": "b/bucket-bootcamp-2025-01/roles/storage.objectAdmin/user:duvan_andres@consiti.com",
            "member": "user:duvan_andres@consiti.com",
            "role": "roles/storage.objectAdmin"
          },
          "sensitive_attributes": [],
          "private": "bnVsbA==",
          "dependencies": [
            "google_storage_bucket.bucket-bootcamp"
          ]
        }
      ]
    }
  ],
  "check_results": null
}
